// !$*UTF8*$!
{
	archiveVersion = 1;
	classes = {
	};
	objectVersion = 46;
	objects = {

/* Begin PBXBuildFile section */
		CFCD29A71B73B7E10039204B /* AppDelegate.swift in Sources */ = {isa = PBXBuildFile; fileRef = CFCD29A61B73B7E10039204B /* AppDelegate.swift */; };
		CFCD29A91B73B7E10039204B /* ViewController.swift in Sources */ = {isa = PBXBuildFile; fileRef = CFCD29A81B73B7E10039204B /* ViewController.swift */; };
		CFCD29AC1B73B7E10039204B /* Main.storyboard in Resources */ = {isa = PBXBuildFile; fileRef = CFCD29AA1B73B7E10039204B /* Main.storyboard */; };
		CFCD29AE1B73B7E10039204B /* Assets.xcassets in Resources */ = {isa = PBXBuildFile; fileRef = CFCD29AD1B73B7E10039204B /* Assets.xcassets */; };
		CFCD29B11B73B7E10039204B /* LaunchScreen.storyboard in Resources */ = {isa = PBXBuildFile; fileRef = CFCD29AF1B73B7E10039204B /* LaunchScreen.storyboard */; };
		CFCD29B91B73BB6F0039204B /* CoreLocation.framework in Frameworks */ = {isa = PBXBuildFile; fileRef = CFCD29B81B73BB6F0039204B /* CoreLocation.framework */; };
/* End PBXBuildFile section */

/* Begin PBXFileReference section */
		CFCD29A31B73B7E10039204B /* Where Am I.app */ = {isa = PBXFileReference; explicitFileType = wrapper.application; includeInIndex = 0; path = "Where Am I.app"; sourceTree = BUILT_PRODUCTS_DIR; };
		CFCD29A61B73B7E10039204B /* AppDelegate.swift */ = {isa = PBXFileReference; lastKnownFileType = sourcecode.swift; path = AppDelegate.swift; sourceTree = "<group>"; };
		CFCD29A81B73B7E10039204B /* ViewController.swift */ = {isa = PBXFileReference; lastKnownFileType = sourcecode.swift; path = ViewController.swift; sourceTree = "<group>"; };
		CFCD29AB1B73B7E10039204B /* Base */ = {isa = PBXFileReference; lastKnownFileType = file.storyboard; name = Base; path = Base.lproj/Main.storyboard; sourceTree = "<group>"; };
		CFCD29AD1B73B7E10039204B /* Assets.xcassets */ = {isa = PBXFileReference; lastKnownFileType = folder.assetcatalog; path = Assets.xcassets; sourceTree = "<group>"; };
		CFCD29B01B73B7E10039204B /* Base */ = {isa = PBXFileReference; lastKnownFileType = file.storyboard; name = Base; path = Base.lproj/LaunchScreen.storyboard; sourceTree = "<group>"; };
		CFCD29B21B73B7E10039204B /* Info.plist */ = {isa = PBXFileReference; lastKnownFileType = text.plist.xml; path = Info.plist; sourceTree = "<group>"; };
		CFCD29B81B73BB6F0039204B /* CoreLocation.framework */ = {isa = PBXFileReference; lastKnownFileType = wrapper.framework; name = CoreLocation.framework; path = System/Library/Frameworks/CoreLocation.framework; sourceTree = SDKROOT; };
		CFCD29BA1B73BBEC0039204B /* MapKit.framework */ = {isa = PBXFileReference; lastKnownFileType = wrapper.framework; name = MapKit.framework; path = System/Library/Frameworks/MapKit.framework; sourceTree = SDKROOT; };
/* End PBXFileReference section */

/* Begin PBXFrameworksBuildPhase section */
		CFCD29A01B73B7E10039204B /* Frameworks */ = {
			isa = PBXFrameworksBuildPhase;
			buildActionMask = 2147483647;
			files = (
				CFCD29B91B73BB6F0039204B /* CoreLocation.framework in Frameworks */,
			);
			runOnlyForDeploymentPostprocessing = 0;
		};
/* End PBXFrameworksBuildPhase section */

/* Begin PBXGroup section */
		CFCD299A1B73B7E10039204B = {
			isa = PBXGroup;
			children = (
				CFCD29BA1B73BBEC0039204B /* MapKit.framework */,
				CFCD29B81B73BB6F0039204B /* CoreLocation.framework */,
				CFCD29A51B73B7E10039204B /* Where Am I */,
				CFCD29A41B73B7E10039204B /* Products */,
			);
			sourceTree = "<group>";
		};
		CFCD29A41B73B7E10039204B /* Products */ = {
			isa = PBXGroup;
			children = (
				CFCD29A31B73B7E10039204B /* Where Am I.app */,
			);
			name = Products;
			sourceTree = "<group>";
		};
		CFCD29A51B73B7E10039204B /* Where Am I */ = {
			isa = PBXGroup;
			children = (
				CFCD29A61B73B7E10039204B /* AppDelegate.swift */,
				CFCD29A81B73B7E10039204B /* ViewController.swift */,
				CFCD29AA1B73B7E10039204B /* Main.storyboard */,
				CFCD29AD1B73B7E10039204B /* Assets.xcassets */,
				CFCD29AF1B73B7E10039204B /* LaunchScreen.storyboard */,
				CFCD29B21B73B7E10039204B /* Info.plist */,
			);
			path = "Where Am I";
			sourceTree = "<group>";
		};
/* End PBXGroup section */

/* Begin PBXNativeTarget section */
		CFCD29A21B73B7E10039204B /* Where Am I */ = {
			isa = PBXNativeTarget;
			buildConfigurationList = CFCD29B51B73B7E10039204B /* Build configuration list for PBXNativeTarget "Where Am I" */;
			buildPhases = (
				CFCD299F1B73B7E10039204B /* Sources */,
				CFCD29A01B73B7E10039204B /* Frameworks */,
				CFCD29A11B73B7E10039204B /* Resources */,
			);
			buildRules = (
			);
			dependencies = (
			);
			name = "Where Am I";
			productName = "Where Am I";
			productReference = CFCD29A31B73B7E10039204B /* Where Am I.app */;
			productType = "com.apple.product-type.application";
		};
/* End PBXNativeTarget section */

/* Begin PBXProject section */
		CFCD299B1B73B7E10039204B /* Project object */ = {
			isa = PBXProject;
			attributes = {
				LastUpgradeCheck = 0700;
				ORGANIZATIONNAME = "Jorge Gallardo";
				TargetAttributes = {
					CFCD29A21B73B7E10039204B = {
						CreatedOnToolsVersion = 7.0;
					};
				};
			};
			buildConfigurationList = CFCD299E1B73B7E10039204B /* Build configuration list for PBXProject "Where Am I" */;
			compatibilityVersion = "Xcode 3.2";
			developmentRegion = English;
			hasScannedForEncodings = 0;
			knownRegions = (
				en,
				Base,
			);
			mainGroup = CFCD299A1B73B7E10039204B;
			productRefGroup = CFCD29A41B73B7E10039204B /* Products */;
			projectDirPath = "";
			projectRoot = "";
			targets = (
				CFCD29A21B73B7E10039204B /* Where Am I */,
			);
		};
/* End PBXProject section */

/* Begin PBXResourcesBuildPhase section */
		CFCD29A11B73B7E10039204B /* Resources */ = {
			isa = PBXResourcesBuildPhase;
			buildActionMask = 2147483647;
			files = (
				CFCD29B11B73B7E10039204B /* LaunchScreen.storyboard in Resources */,
				CFCD29AE1B73B7E10039204B /* Assets.xcassets in Resources */,
				CFCD29AC1B73B7E10039204B /* Main.storyboard in Resources */,
			);
			runOnlyForDeploymentPostprocessing = 0;
		};
/* End PBXResourcesBuildPhase section */

/* Begin PBXSourcesBuildPhase section */
		CFCD299F1B73B7E10039204B /* Sources */ = {
			isa = PBXSourcesBuildPhase;
			buildActionMask = 2147483647;
			files = (
				CFCD29A91B73B7E10039204B /* ViewController.swift in Sources */,
				CFCD29A71B73B7E10039204B /* AppDelegate.swift in Sources */,
			);
			runOnlyForDeploymentPostprocessing = 0;
		};
/* End PBXSourcesBuildPhase section */

/* Begin PBXVariantGroup section */
		CFCD29AA1B73B7E10039204B /* Main.storyboard */ = {
			isa = PBXVariantGroup;
			children = (
				CFCD29AB1B73B7E10039204B /* Base */,
			);
			name = Main.storyboard;
			sourceTree = "<group>";
		};
		CFCD29AF1B73B7E10039204B /* LaunchScreen.storyboard */ = {
			isa = PBXVariantGroup;
			children = (
				CFCD29B01B73B7E10039204B /* Base */,
			);
			name = LaunchScreen.storyboard;
			sourceTree = "<group>";
		};
/* End PBXVariantGroup section */

/* Begin XCBuildConfiguration section */
		CFCD29B31B73B7E10039204B /* Debug */ = {
			isa = XCBuildConfiguration;
			buildSettings = {
				ALWAYS_SEARCH_USER_PATHS = NO;
				CLANG_CXX_LANGUAGE_STANDARD = "gnu++0x";
				CLANG_CXX_LIBRARY = "libc++";
				CLANG_ENABLE_MODULES = YES;
				CLANG_ENABLE_OBJC_ARC = YES;
				CLANG_WARN_BOOL_CONVERSION = YES;
				CLANG_WARN_CONSTANT_CONVERSION = YES;
				CLANG_WARN_DIRECT_OBJC_ISA_USAGE = YES_ERROR;
				CLANG_WARN_EMPTY_BODY = YES;
				CLANG_WARN_ENUM_CONVERSION = YES;
				CLANG_WARN_INT_CONVERSION = YES;
				CLANG_WARN_OBJC_ROOT_CLASS = YES_ERROR;
				CLANG_WARN_UNREACHABLE_CODE = YES;
				CLANG_WARN__DUPLICATE_METHOD_MATCH = YES;
				"CODE_SIGN_IDENTITY[sdk=iphoneos*]" = "iPhone Developer";
				COPY_PHASE_STRIP = NO;
				DEBUG_INFORMATION_FORMAT = dwarf;
				ENABLE_STRICT_OBJC_MSGSEND = YES;
				ENABLE_TESTABILITY = YES;
				GCC_C_LANGUAGE_STANDARD = gnu99;
				GCC_DYNAMIC_NO_PIC = NO;
				GCC_NO_COMMON_BLOCKS = YES;
				GCC_OPTIMIZATION_LEVEL = 0;
				GCC_PREPROCESSOR_DEFINITIONS = (
					"DEBUG=1",
					"$(inherited)",
				);
				GCC_WARN_64_TO_32_BIT_CONVERSION = YES;
				GCC_WARN_ABOUT_RETURN_TYPE = YES_ERROR;
				GCC_WARN_UNDECLARED_SELECTOR = YES;
				GCC_WARN_UNINITIALIZED_AUTOS = YES_AGGRESSIVE;
				GCC_WARN_UNUSED_FUNCTION = YES;
				GCC_WARN_UNUSED_VARIABLE = YES;
				IPHONEOS_DEPLOYMENT_TARGET = 9.0;
				MTL_ENABLE_DEBUG_INFO = YES;
				ONLY_ACTIVE_ARCH = YES;
				SDKROOT = iphoneos;
				SWIFT_OPTIMIZATION_LEVEL = "-Onone";
			};
			name = Debug;
		};
		CFCD29B41B73B7E10039204B /* Release */ = {
			isa = XCBuildConfiguration;
			buildSettings = {
				ALWAYS_SEARCH_USER_PATHS = NO;
				CLANG_CXX_LANGUAGE_STANDARD = "gnu++0x";
				CLANG_CXX_LIBRARY = "libc++";
				CLANG_ENABLE_MODULES = YES;
				CLANG_ENABLE_OBJC_ARC = YES;
				CLANG_WARN_BOOL_CONVERSION = YES;
				CLANG_WARN_CONSTANT_CONVERSION = YES;
				CLANG_WARN_DIRECT_OBJC_ISA_USAGE = YES_ERROR;
				CLANG_WARN_EMPTY_BODY = YES;
				CLANG_WARN_ENUM_CONVERSION = YES;
				CLANG_WARN_INT_CONVERSION = YES;
				CLANG_WARN_OBJC_ROOT_CLASS = YES_ERROR;
				CLANG_WARN_UNREACHABLE_CODE = YES;
				CLANG_WARN__DUPLICATE_METHOD_MATCH = YES;
				"CODE_SIGN_IDENTITY[sdk=iphoneos*]" = "iPhone Developer";
				COPY_PHASE_STRIP = NO;
				DEBUG_INFORMATION_FORMAT = "dwarf-with-dsym";
				ENABLE_NS_ASSERTIONS = NO;
				ENABLE_STRICT_OBJC_MSGSEND = YES;
				GCC_C_LANGUAGE_STANDARD = gnu99;
				GCC_NO_COMMON_BLOCKS = YES;
				GCC_WARN_64_TO_32_BIT_CONVERSION = YES;
				GCC_WARN_ABOUT_RETURN_TYPE = YES_ERROR;
				GCC_WARN_UNDECLARED_SELECTOR = YES;
				GCC_WARN_UNINITIALIZED_AUTOS = YES_AGGRESSIVE;
				GCC_WARN_UNUSED_FUNCTION = YES;
				GCC_WARN_UNUSED_VARIABLE = YES;
				IPHONEOS_DEPLOYMENT_TARGET = 9.0;
				MTL_ENABLE_DEBUG_INFO = NO;
				SDKROOT = iphoneos;
				VALIDATE_PRODUCT = YES;
			};
			name = Release;
		};
		CFCD29B61B73B7E10039204B /* Debug */ = {
			isa = XCBuildConfiguration;
			buildSettings = {
				ASSETCATALOG_COMPILER_APPICON_NAME = AppIcon;
				INFOPLIST_FILE = "Where Am I/Info.plist";
				IPHONEOS_DEPLOYMENT_TARGET = 8.4;
				LD_RUNPATH_SEARCH_PATHS = "$(inherited) @executable_path/Frameworks";
				PRODUCT_BUNDLE_IDENTIFIER = "com.gallardo.Where-Am-I";
				PRODUCT_NAME = "$(TARGET_NAME)";
			};
			name = Debug;
		};
		CFCD29B71B73B7E10039204B /* Release */ = {
			isa = XCBuildConfiguration;
			buildSettings = {
				ASSETCATALOG_COMPILER_APPICON_NAME = AppIcon;
				INFOPLIST_FILE = "Where Am I/Info.plist";
				IPHONEOS_DEPLOYMENT_TARGET = 8.4;
				LD_RUNPATH_SEARCH_PATHS = "$(inherited) @executable_path/Frameworks";
				PRODUCT_BUNDLE_IDENTIFIER = "com.gallardo.Where-Am-I";
				PRODUCT_NAME = "$(TARGET_NAME)";
			};
			name = Release;
		};
/* End XCBuildConfiguration section */

/* Begin XCConfigurationList section */
		CFCD299E1B73B7E10039204B /* Build configuration list for PBXProject "Where Am I" */ = {
			isa = XCConfigurationList;
			buildConfigurations = (
				CFCD29B31B73B7E10039204B /* Debug */,
				CFCD29B41B73B7E10039204B /* Release */,
			);
			defaultConfigurationIsVisible = 0;
			defaultConfigurationName = Release;
		};
		CFCD29B51B73B7E10039204B /* Build configuration list for PBXNativeTarget "Where Am I" */ = {
			isa = XCConfigurationList;
			buildConfigurations = (
				CFCD29B61B73B7E10039204B /* Debug */,
				CFCD29B71B73B7E10039204B /* Release */,
			);
			defaultConfigurationIsVisible = 0;
		};
/* End XCConfigurationList section */
	};
	rootObject = CFCD299B1B73B7E10039204B /* Project object */;
}
